
Microsoft Visual Studio Solution File, Format Version 12.00
# Visual Studio Version 17
VisualStudioVersion = 17.0.32014.148
MinimumVisualStudioVersion = 10.0.40219.1
Project("{FAE04EC0-301F-11D3-BF4B-00C04F79EFBC}") = "BdProject", "BdProject\BdProject.csproj", "{C345875E-517A-4172-8BDE-FC0D8D7BB628}"
EndProject
Global
	GlobalSection(SolutionConfigurationPlatforms) = preSolution
		Debug|Any CPU = Debug|Any CPU
		Release|Any CPU = Release|Any CPU
	EndGlobalSection
	GlobalSection(ProjectConfigurationPlatforms) = postSolution
		{C345875E-517A-4172-8BDE-FC0D8D7BB628}.Debug|Any CPU.ActiveCfg = Debug|Any CPU
		{C345875E-517A-4172-8BDE-FC0D8D7BB628}.Debug|Any CPU.Build.0 = Debug|Any CPU
		{C345875E-517A-4172-8BDE-FC0D8D7BB628}.Release|Any CPU.ActiveCfg = Release|Any CPU
		{C345875E-517A-4172-8BDE-FC0D8D7BB628}.Release|Any CPU.Build.0 = Release|Any CPU
	EndGlobalSection
	GlobalSection(SolutionProperties) = preSolution
		HideSolutionNode = FALSE
	EndGlobalSection
	GlobalSection(ExtensibilityGlobals) = postSolution
		SolutionGuid = {7807DC6C-AB7F-47DB-849A-C791CF79B4D4}
	EndGlobalSection
EndGlobal
